
Microsoft Visual Studio Solution File, Format Version 12.00
# Visual Studio Version 17
VisualStudioVersion = 17.3.32922.545
MinimumVisualStudioVersion = 10.0.40219.1
Project("{FAE04EC0-301F-11D3-BF4B-00C04F79EFBC}") = "IndianStateCensus", "IndianStateCensus.csproj", "{D47A3131-92E7-4A05-928A-5FA4C1C775B1}"
EndProject
Global
	GlobalSection(SolutionConfigurationPlatforms) = preSolution
		Debug|Any CPU = Debug|Any CPU
		Release|Any CPU = Release|Any CPU
	EndGlobalSection
	GlobalSection(ProjectConfigurationPlatforms) = postSolution
		{D47A3131-92E7-4A05-928A-5FA4C1C775B1}.Debug|Any CPU.ActiveCfg = Debug|Any CPU
		{D47A3131-92E7-4A05-928A-5FA4C1C775B1}.Debug|Any CPU.Build.0 = Debug|Any CPU
		{D47A3131-92E7-4A05-928A-5FA4C1C775B1}.Release|Any CPU.ActiveCfg = Release|Any CPU
		{D47A3131-92E7-4A05-928A-5FA4C1C775B1}.Release|Any CPU.Build.0 = Release|Any CPU
	EndGlobalSection
	GlobalSection(SolutionProperties) = preSolution
		HideSolutionNode = FALSE
	EndGlobalSection
	GlobalSection(ExtensibilityGlobals) = postSolution
		SolutionGuid = {674430FA-972C-4D8F-B068-2B819A5E8623}
	EndGlobalSection
EndGlobal
